// !$*UTF8*$!
{
	archiveVersion = 1;
	classes = {
	};
	objectVersion = 56;
	objects = {

/* Begin PBXBuildFile section */
		45285252290FA72B008DD62C /* AppDelegate.swift in Sources */ = {isa = PBXBuildFile; fileRef = 45285251290FA72B008DD62C /* AppDelegate.swift */; };
		45285254290FA72B008DD62C /* SceneDelegate.swift in Sources */ = {isa = PBXBuildFile; fileRef = 45285253290FA72B008DD62C /* SceneDelegate.swift */; };
		45285256290FA72B008DD62C /* FilesViewController.swift in Sources */ = {isa = PBXBuildFile; fileRef = 45285255290FA72B008DD62C /* FilesViewController.swift */; };
		4528525B290FA72C008DD62C /* Assets.xcassets in Resources */ = {isa = PBXBuildFile; fileRef = 4528525A290FA72C008DD62C /* Assets.xcassets */; };
		4528525E290FA72C008DD62C /* LaunchScreen.storyboard in Resources */ = {isa = PBXBuildFile; fileRef = 4528525C290FA72C008DD62C /* LaunchScreen.storyboard */; };
		4528526B29116338008DD62C /* FileManagerService.swift in Sources */ = {isa = PBXBuildFile; fileRef = 4528526A29116338008DD62C /* FileManagerService.swift */; };
		4528526E29116C4C008DD62C /* LoginViewController.swift in Sources */ = {isa = PBXBuildFile; fileRef = 4528526D29116C4C008DD62C /* LoginViewController.swift */; };
		4528527029116C5F008DD62C /* LoginRouter.swift in Sources */ = {isa = PBXBuildFile; fileRef = 4528526F29116C5F008DD62C /* LoginRouter.swift */; };
		4528527229116C6E008DD62C /* LoginInteractor.swift in Sources */ = {isa = PBXBuildFile; fileRef = 4528527129116C6E008DD62C /* LoginInteractor.swift */; };
		4528527429116C86008DD62C /* LoginView.swift in Sources */ = {isa = PBXBuildFile; fileRef = 4528527329116C86008DD62C /* LoginView.swift */; };
		4528527A2911704E008DD62C /* LoginInteractorProtocol.swift in Sources */ = {isa = PBXBuildFile; fileRef = 452852792911704E008DD62C /* LoginInteractorProtocol.swift */; };
		4528527C29117071008DD62C /* LoginRouterProtocol.swift in Sources */ = {isa = PBXBuildFile; fileRef = 4528527B29117071008DD62C /* LoginRouterProtocol.swift */; };
		4528527F291171B5008DD62C /* LoginBuilder.swift in Sources */ = {isa = PBXBuildFile; fileRef = 4528527E291171B5008DD62C /* LoginBuilder.swift */; };
		45285281291171D3008DD62C /* LoginBuilderProtocol.swift in Sources */ = {isa = PBXBuildFile; fileRef = 45285280291171D3008DD62C /* LoginBuilderProtocol.swift */; };
		45285289291175D5008DD62C /* TabBarViewController.swift in Sources */ = {isa = PBXBuildFile; fileRef = 45285288291175D5008DD62C /* TabBarViewController.swift */; };
		4528528C2911760F008DD62C /* TabBarFactory.swift in Sources */ = {isa = PBXBuildFile; fileRef = 4528528B2911760F008DD62C /* TabBarFactory.swift */; };
		4528528F29117E0B008DD62C /* SettingsViewController.swift in Sources */ = {isa = PBXBuildFile; fileRef = 4528528E29117E0B008DD62C /* SettingsViewController.swift */; };
		4528529329117E26008DD62C /* SettingsView.swift in Sources */ = {isa = PBXBuildFile; fileRef = 4528529229117E26008DD62C /* SettingsView.swift */; };
		45285296291187E0008DD62C /* LoginPresenter.swift in Sources */ = {isa = PBXBuildFile; fileRef = 45285295291187E0008DD62C /* LoginPresenter.swift */; };
		4528529829118845008DD62C /* LoginPresenterProtocol.swift in Sources */ = {isa = PBXBuildFile; fileRef = 4528529729118845008DD62C /* LoginPresenterProtocol.swift */; };
		4528529A29118896008DD62C /* LoginViewControllerProtocol.swift in Sources */ = {isa = PBXBuildFile; fileRef = 4528529929118896008DD62C /* LoginViewControllerProtocol.swift */; };
		4528529C29118F90008DD62C /* LoginViewModel.swift in Sources */ = {isa = PBXBuildFile; fileRef = 4528529B29118F90008DD62C /* LoginViewModel.swift */; };
		452852A0291253B2008DD62C /* KeychainAccess in Frameworks */ = {isa = PBXBuildFile; productRef = 4528529F291253B2008DD62C /* KeychainAccess */; };
		452852A3291256BF008DD62C /* KeychainManager.swift in Sources */ = {isa = PBXBuildFile; fileRef = 452852A2291256BF008DD62C /* KeychainManager.swift */; };
		452852A729125D1A008DD62C /* KeychainManagerProtocol.swift in Sources */ = {isa = PBXBuildFile; fileRef = 452852A629125D1A008DD62C /* KeychainManagerProtocol.swift */; };
/* End PBXBuildFile section */

/* Begin PBXFileReference section */
		4528524E290FA72B008DD62C /* SwiftFileManager.app */ = {isa = PBXFileReference; explicitFileType = wrapper.application; includeInIndex = 0; path = SwiftFileManager.app; sourceTree = BUILT_PRODUCTS_DIR; };
		45285251290FA72B008DD62C /* AppDelegate.swift */ = {isa = PBXFileReference; lastKnownFileType = sourcecode.swift; path = AppDelegate.swift; sourceTree = "<group>"; };
		45285253290FA72B008DD62C /* SceneDelegate.swift */ = {isa = PBXFileReference; lastKnownFileType = sourcecode.swift; path = SceneDelegate.swift; sourceTree = "<group>"; };
		45285255290FA72B008DD62C /* FilesViewController.swift */ = {isa = PBXFileReference; lastKnownFileType = sourcecode.swift; path = FilesViewController.swift; sourceTree = "<group>"; };
		4528525A290FA72C008DD62C /* Assets.xcassets */ = {isa = PBXFileReference; lastKnownFileType = folder.assetcatalog; path = Assets.xcassets; sourceTree = "<group>"; };
		4528525D290FA72C008DD62C /* Base */ = {isa = PBXFileReference; lastKnownFileType = file.storyboard; name = Base; path = Base.lproj/LaunchScreen.storyboard; sourceTree = "<group>"; };
		4528525F290FA72C008DD62C /* Info.plist */ = {isa = PBXFileReference; lastKnownFileType = text.plist.xml; path = Info.plist; sourceTree = "<group>"; };
		4528526A29116338008DD62C /* FileManagerService.swift */ = {isa = PBXFileReference; lastKnownFileType = sourcecode.swift; path = FileManagerService.swift; sourceTree = "<group>"; };
		4528526D29116C4C008DD62C /* LoginViewController.swift */ = {isa = PBXFileReference; lastKnownFileType = sourcecode.swift; path = LoginViewController.swift; sourceTree = "<group>"; };
		4528526F29116C5F008DD62C /* LoginRouter.swift */ = {isa = PBXFileReference; lastKnownFileType = sourcecode.swift; path = LoginRouter.swift; sourceTree = "<group>"; };
		4528527129116C6E008DD62C /* LoginInteractor.swift */ = {isa = PBXFileReference; lastKnownFileType = sourcecode.swift; path = LoginInteractor.swift; sourceTree = "<group>"; };
		4528527329116C86008DD62C /* LoginView.swift */ = {isa = PBXFileReference; lastKnownFileType = sourcecode.swift; path = LoginView.swift; sourceTree = "<group>"; };
		452852792911704E008DD62C /* LoginInteractorProtocol.swift */ = {isa = PBXFileReference; lastKnownFileType = sourcecode.swift; path = LoginInteractorProtocol.swift; sourceTree = "<group>"; };
		4528527B29117071008DD62C /* LoginRouterProtocol.swift */ = {isa = PBXFileReference; lastKnownFileType = sourcecode.swift; path = LoginRouterProtocol.swift; sourceTree = "<group>"; };
		4528527E291171B5008DD62C /* LoginBuilder.swift */ = {isa = PBXFileReference; lastKnownFileType = sourcecode.swift; path = LoginBuilder.swift; sourceTree = "<group>"; };
		45285280291171D3008DD62C /* LoginBuilderProtocol.swift */ = {isa = PBXFileReference; lastKnownFileType = sourcecode.swift; path = LoginBuilderProtocol.swift; sourceTree = "<group>"; };
		45285288291175D5008DD62C /* TabBarViewController.swift */ = {isa = PBXFileReference; lastKnownFileType = sourcecode.swift; path = TabBarViewController.swift; sourceTree = "<group>"; };
		4528528B2911760F008DD62C /* TabBarFactory.swift */ = {isa = PBXFileReference; lastKnownFileType = sourcecode.swift; path = TabBarFactory.swift; sourceTree = "<group>"; };
		4528528E29117E0B008DD62C /* SettingsViewController.swift */ = {isa = PBXFileReference; lastKnownFileType = sourcecode.swift; path = SettingsViewController.swift; sourceTree = "<group>"; };
		4528529229117E26008DD62C /* SettingsView.swift */ = {isa = PBXFileReference; lastKnownFileType = sourcecode.swift; path = SettingsView.swift; sourceTree = "<group>"; };
		45285295291187E0008DD62C /* LoginPresenter.swift */ = {isa = PBXFileReference; lastKnownFileType = sourcecode.swift; path = LoginPresenter.swift; sourceTree = "<group>"; };
		4528529729118845008DD62C /* LoginPresenterProtocol.swift */ = {isa = PBXFileReference; lastKnownFileType = sourcecode.swift; path = LoginPresenterProtocol.swift; sourceTree = "<group>"; };
		4528529929118896008DD62C /* LoginViewControllerProtocol.swift */ = {isa = PBXFileReference; lastKnownFileType = sourcecode.swift; path = LoginViewControllerProtocol.swift; sourceTree = "<group>"; };
		4528529B29118F90008DD62C /* LoginViewModel.swift */ = {isa = PBXFileReference; lastKnownFileType = sourcecode.swift; path = LoginViewModel.swift; sourceTree = "<group>"; };
		452852A2291256BF008DD62C /* KeychainManager.swift */ = {isa = PBXFileReference; lastKnownFileType = sourcecode.swift; path = KeychainManager.swift; sourceTree = "<group>"; };
		452852A629125D1A008DD62C /* KeychainManagerProtocol.swift */ = {isa = PBXFileReference; fileEncoding = 4; lastKnownFileType = sourcecode.swift; path = KeychainManagerProtocol.swift; sourceTree = "<group>"; };
/* End PBXFileReference section */

/* Begin PBXFrameworksBuildPhase section */
		4528524B290FA72B008DD62C /* Frameworks */ = {
			isa = PBXFrameworksBuildPhase;
			buildActionMask = 2147483647;
			files = (
				452852A0291253B2008DD62C /* KeychainAccess in Frameworks */,
			);
			runOnlyForDeploymentPostprocessing = 0;
		};
/* End PBXFrameworksBuildPhase section */

/* Begin PBXGroup section */
		45285245290FA72B008DD62C = {
			isa = PBXGroup;
			children = (
				45285250290FA72B008DD62C /* SwiftFileManager */,
				4528524F290FA72B008DD62C /* Products */,
			);
			sourceTree = "<group>";
		};
		4528524F290FA72B008DD62C /* Products */ = {
			isa = PBXGroup;
			children = (
				4528524E290FA72B008DD62C /* SwiftFileManager.app */,
			);
			name = Products;
			sourceTree = "<group>";
		};
		45285250290FA72B008DD62C /* SwiftFileManager */ = {
			isa = PBXGroup;
			children = (
				452852A12912569A008DD62C /* KeychainManager */,
				4528528D29117DF4008DD62C /* Settings */,
				45285286291175B1008DD62C /* TabBar */,
				452852852911730A008DD62C /* Files */,
				4528526C29116C22008DD62C /* Login */,
				45285251290FA72B008DD62C /* AppDelegate.swift */,
				45285253290FA72B008DD62C /* SceneDelegate.swift */,
				4528526A29116338008DD62C /* FileManagerService.swift */,
				4528525A290FA72C008DD62C /* Assets.xcassets */,
				4528525C290FA72C008DD62C /* LaunchScreen.storyboard */,
				4528525F290FA72C008DD62C /* Info.plist */,
			);
			path = SwiftFileManager;
			sourceTree = "<group>";
		};
		4528526C29116C22008DD62C /* Login */ = {
			isa = PBXGroup;
			children = (
				4528527D291171A3008DD62C /* Builder */,
				4528529D29118F94008DD62C /* ViewModel */,
				45285294291187D0008DD62C /* Presenter */,
				4528527829116CA4008DD62C /* Interactor */,
				4528527529116C8A008DD62C /* ViewController */,
				4528527729116C9D008DD62C /* View */,
				4528527629116C97008DD62C /* Router */,
			);
			path = Login;
			sourceTree = "<group>";
		};
		4528527529116C8A008DD62C /* ViewController */ = {
			isa = PBXGroup;
			children = (
				4528526D29116C4C008DD62C /* LoginViewController.swift */,
				4528529929118896008DD62C /* LoginViewControllerProtocol.swift */,
			);
			path = ViewController;
			sourceTree = "<group>";
		};
		4528527629116C97008DD62C /* Router */ = {
			isa = PBXGroup;
			children = (
				4528526F29116C5F008DD62C /* LoginRouter.swift */,
				4528527B29117071008DD62C /* LoginRouterProtocol.swift */,
			);
			path = Router;
			sourceTree = "<group>";
		};
		4528527729116C9D008DD62C /* View */ = {
			isa = PBXGroup;
			children = (
				4528527329116C86008DD62C /* LoginView.swift */,
			);
			path = View;
			sourceTree = "<group>";
		};
		4528527829116CA4008DD62C /* Interactor */ = {
			isa = PBXGroup;
			children = (
				4528527129116C6E008DD62C /* LoginInteractor.swift */,
				452852792911704E008DD62C /* LoginInteractorProtocol.swift */,
			);
			path = Interactor;
			sourceTree = "<group>";
		};
		4528527D291171A3008DD62C /* Builder */ = {
			isa = PBXGroup;
			children = (
				4528527E291171B5008DD62C /* LoginBuilder.swift */,
				45285280291171D3008DD62C /* LoginBuilderProtocol.swift */,
			);
			path = Builder;
			sourceTree = "<group>";
		};
		452852852911730A008DD62C /* Files */ = {
			isa = PBXGroup;
			children = (
				45285255290FA72B008DD62C /* FilesViewController.swift */,
			);
			path = Files;
			sourceTree = "<group>";
		};
		45285286291175B1008DD62C /* TabBar */ = {
			isa = PBXGroup;
			children = (
				4528528A29117600008DD62C /* Factory */,
				45285287291175C0008DD62C /* ViewController */,
			);
			path = TabBar;
			sourceTree = "<group>";
		};
		45285287291175C0008DD62C /* ViewController */ = {
			isa = PBXGroup;
			children = (
				45285288291175D5008DD62C /* TabBarViewController.swift */,
			);
			path = ViewController;
			sourceTree = "<group>";
		};
		4528528A29117600008DD62C /* Factory */ = {
			isa = PBXGroup;
			children = (
				4528528B2911760F008DD62C /* TabBarFactory.swift */,
			);
			path = Factory;
			sourceTree = "<group>";
		};
		4528528D29117DF4008DD62C /* Settings */ = {
			isa = PBXGroup;
			children = (
				4528529129117E1A008DD62C /* View */,
				4528529029117E0E008DD62C /* ViewController */,
			);
			path = Settings;
			sourceTree = "<group>";
		};
		4528529029117E0E008DD62C /* ViewController */ = {
			isa = PBXGroup;
			children = (
				4528528E29117E0B008DD62C /* SettingsViewController.swift */,
			);
			path = ViewController;
			sourceTree = "<group>";
		};
		4528529129117E1A008DD62C /* View */ = {
			isa = PBXGroup;
			children = (
				4528529229117E26008DD62C /* SettingsView.swift */,
			);
			path = View;
			sourceTree = "<group>";
		};
		45285294291187D0008DD62C /* Presenter */ = {
			isa = PBXGroup;
			children = (
				45285295291187E0008DD62C /* LoginPresenter.swift */,
				4528529729118845008DD62C /* LoginPresenterProtocol.swift */,
			);
			path = Presenter;
			sourceTree = "<group>";
		};
		4528529D29118F94008DD62C /* ViewModel */ = {
			isa = PBXGroup;
			children = (
				4528529B29118F90008DD62C /* LoginViewModel.swift */,
			);
			path = ViewModel;
			sourceTree = "<group>";
		};
		452852A12912569A008DD62C /* KeychainManager */ = {
			isa = PBXGroup;
			children = (
				452852A2291256BF008DD62C /* KeychainManager.swift */,
				452852A629125D1A008DD62C /* KeychainManagerProtocol.swift */,
			);
			path = KeychainManager;
			sourceTree = "<group>";
		};
/* End PBXGroup section */

/* Begin PBXNativeTarget section */
		4528524D290FA72B008DD62C /* SwiftFileManager */ = {
			isa = PBXNativeTarget;
			buildConfigurationList = 45285262290FA72C008DD62C /* Build configuration list for PBXNativeTarget "SwiftFileManager" */;
			buildPhases = (
				4528524A290FA72B008DD62C /* Sources */,
				4528524B290FA72B008DD62C /* Frameworks */,
				4528524C290FA72B008DD62C /* Resources */,
			);
			buildRules = (
			);
			dependencies = (
			);
			name = SwiftFileManager;
			packageProductDependencies = (
				4528529F291253B2008DD62C /* KeychainAccess */,
			);
			productName = SwiftFileManager;
			productReference = 4528524E290FA72B008DD62C /* SwiftFileManager.app */;
			productType = "com.apple.product-type.application";
		};
/* End PBXNativeTarget section */

/* Begin PBXProject section */
		45285246290FA72B008DD62C /* Project object */ = {
			isa = PBXProject;
			attributes = {
				BuildIndependentTargetsInParallel = 1;
				LastSwiftUpdateCheck = 1400;
				LastUpgradeCheck = 1400;
				TargetAttributes = {
					4528524D290FA72B008DD62C = {
						CreatedOnToolsVersion = 14.0.1;
					};
				};
			};
			buildConfigurationList = 45285249290FA72B008DD62C /* Build configuration list for PBXProject "SwiftFileManager" */;
			compatibilityVersion = "Xcode 14.0";
			developmentRegion = en;
			hasScannedForEncodings = 0;
			knownRegions = (
				en,
				Base,
			);
			mainGroup = 45285245290FA72B008DD62C;
			packageReferences = (
				4528529E291253B2008DD62C /* XCRemoteSwiftPackageReference "KeychainAccess" */,
			);
			productRefGroup = 4528524F290FA72B008DD62C /* Products */;
			projectDirPath = "";
			projectRoot = "";
			targets = (
				4528524D290FA72B008DD62C /* SwiftFileManager */,
			);
		};
/* End PBXProject section */

/* Begin PBXResourcesBuildPhase section */
		4528524C290FA72B008DD62C /* Resources */ = {
			isa = PBXResourcesBuildPhase;
			buildActionMask = 2147483647;
			files = (
				4528525E290FA72C008DD62C /* LaunchScreen.storyboard in Resources */,
				4528525B290FA72C008DD62C /* Assets.xcassets in Resources */,
			);
			runOnlyForDeploymentPostprocessing = 0;
		};
/* End PBXResourcesBuildPhase section */

/* Begin PBXSourcesBuildPhase section */
		4528524A290FA72B008DD62C /* Sources */ = {
			isa = PBXSourcesBuildPhase;
			buildActionMask = 2147483647;
			files = (
				4528527F291171B5008DD62C /* LoginBuilder.swift in Sources */,
				45285256290FA72B008DD62C /* FilesViewController.swift in Sources */,
				45285252290FA72B008DD62C /* AppDelegate.swift in Sources */,
				4528527C29117071008DD62C /* LoginRouterProtocol.swift in Sources */,
				45285289291175D5008DD62C /* TabBarViewController.swift in Sources */,
				4528529329117E26008DD62C /* SettingsView.swift in Sources */,
				4528527229116C6E008DD62C /* LoginInteractor.swift in Sources */,
				4528527029116C5F008DD62C /* LoginRouter.swift in Sources */,
				4528528F29117E0B008DD62C /* SettingsViewController.swift in Sources */,
				45285254290FA72B008DD62C /* SceneDelegate.swift in Sources */,
				4528527A2911704E008DD62C /* LoginInteractorProtocol.swift in Sources */,
				4528526E29116C4C008DD62C /* LoginViewController.swift in Sources */,
				45285296291187E0008DD62C /* LoginPresenter.swift in Sources */,
				452852A729125D1A008DD62C /* KeychainManagerProtocol.swift in Sources */,
				4528529829118845008DD62C /* LoginPresenterProtocol.swift in Sources */,
				45285281291171D3008DD62C /* LoginBuilderProtocol.swift in Sources */,
				4528527429116C86008DD62C /* LoginView.swift in Sources */,
				452852A3291256BF008DD62C /* KeychainManager.swift in Sources */,
				4528528C2911760F008DD62C /* TabBarFactory.swift in Sources */,
				4528529A29118896008DD62C /* LoginViewControllerProtocol.swift in Sources */,
				4528526B29116338008DD62C /* FileManagerService.swift in Sources */,
				4528529C29118F90008DD62C /* LoginViewModel.swift in Sources */,
			);
			runOnlyForDeploymentPostprocessing = 0;
		};
/* End PBXSourcesBuildPhase section */

/* Begin PBXVariantGroup section */
		4528525C290FA72C008DD62C /* LaunchScreen.storyboard */ = {
			isa = PBXVariantGroup;
			children = (
				4528525D290FA72C008DD62C /* Base */,
			);
			name = LaunchScreen.storyboard;
			sourceTree = "<group>";
		};
/* End PBXVariantGroup section */

/* Begin XCBuildConfiguration section */
		45285260290FA72C008DD62C /* Debug */ = {
			isa = XCBuildConfiguration;
			buildSettings = {
				ALWAYS_SEARCH_USER_PATHS = NO;
				CLANG_ANALYZER_NONNULL = YES;
				CLANG_ANALYZER_NUMBER_OBJECT_CONVERSION = YES_AGGRESSIVE;
				CLANG_CXX_LANGUAGE_STANDARD = "gnu++20";
				CLANG_ENABLE_MODULES = YES;
				CLANG_ENABLE_OBJC_ARC = YES;
				CLANG_ENABLE_OBJC_WEAK = YES;
				CLANG_WARN_BLOCK_CAPTURE_AUTORELEASING = YES;
				CLANG_WARN_BOOL_CONVERSION = YES;
				CLANG_WARN_COMMA = YES;
				CLANG_WARN_CONSTANT_CONVERSION = YES;
				CLANG_WARN_DEPRECATED_OBJC_IMPLEMENTATIONS = YES;
				CLANG_WARN_DIRECT_OBJC_ISA_USAGE = YES_ERROR;
				CLANG_WARN_DOCUMENTATION_COMMENTS = YES;
				CLANG_WARN_EMPTY_BODY = YES;
				CLANG_WARN_ENUM_CONVERSION = YES;
				CLANG_WARN_INFINITE_RECURSION = YES;
				CLANG_WARN_INT_CONVERSION = YES;
				CLANG_WARN_NON_LITERAL_NULL_CONVERSION = YES;
				CLANG_WARN_OBJC_IMPLICIT_RETAIN_SELF = YES;
				CLANG_WARN_OBJC_LITERAL_CONVERSION = YES;
				CLANG_WARN_OBJC_ROOT_CLASS = YES_ERROR;
				CLANG_WARN_QUOTED_INCLUDE_IN_FRAMEWORK_HEADER = YES;
				CLANG_WARN_RANGE_LOOP_ANALYSIS = YES;
				CLANG_WARN_STRICT_PROTOTYPES = YES;
				CLANG_WARN_SUSPICIOUS_MOVE = YES;
				CLANG_WARN_UNGUARDED_AVAILABILITY = YES_AGGRESSIVE;
				CLANG_WARN_UNREACHABLE_CODE = YES;
				CLANG_WARN__DUPLICATE_METHOD_MATCH = YES;
				COPY_PHASE_STRIP = NO;
				DEBUG_INFORMATION_FORMAT = dwarf;
				ENABLE_STRICT_OBJC_MSGSEND = YES;
				ENABLE_TESTABILITY = YES;
				GCC_C_LANGUAGE_STANDARD = gnu11;
				GCC_DYNAMIC_NO_PIC = NO;
				GCC_NO_COMMON_BLOCKS = YES;
				GCC_OPTIMIZATION_LEVEL = 0;
				GCC_PREPROCESSOR_DEFINITIONS = (
					"DEBUG=1",
					"$(inherited)",
				);
				GCC_WARN_64_TO_32_BIT_CONVERSION = YES;
				GCC_WARN_ABOUT_RETURN_TYPE = YES_ERROR;
				GCC_WARN_UNDECLARED_SELECTOR = YES;
				GCC_WARN_UNINITIALIZED_AUTOS = YES_AGGRESSIVE;
				GCC_WARN_UNUSED_FUNCTION = YES;
				GCC_WARN_UNUSED_VARIABLE = YES;
				IPHONEOS_DEPLOYMENT_TARGET = 16.0;
				MTL_ENABLE_DEBUG_INFO = INCLUDE_SOURCE;
				MTL_FAST_MATH = YES;
				ONLY_ACTIVE_ARCH = YES;
				SDKROOT = iphoneos;
				SWIFT_ACTIVE_COMPILATION_CONDITIONS = DEBUG;
				SWIFT_OPTIMIZATION_LEVEL = "-Onone";
			};
			name = Debug;
		};
		45285261290FA72C008DD62C /* Release */ = {
			isa = XCBuildConfiguration;
			buildSettings = {
				ALWAYS_SEARCH_USER_PATHS = NO;
				CLANG_ANALYZER_NONNULL = YES;
				CLANG_ANALYZER_NUMBER_OBJECT_CONVERSION = YES_AGGRESSIVE;
				CLANG_CXX_LANGUAGE_STANDARD = "gnu++20";
				CLANG_ENABLE_MODULES = YES;
				CLANG_ENABLE_OBJC_ARC = YES;
				CLANG_ENABLE_OBJC_WEAK = YES;
				CLANG_WARN_BLOCK_CAPTURE_AUTORELEASING = YES;
				CLANG_WARN_BOOL_CONVERSION = YES;
				CLANG_WARN_COMMA = YES;
				CLANG_WARN_CONSTANT_CONVERSION = YES;
				CLANG_WARN_DEPRECATED_OBJC_IMPLEMENTATIONS = YES;
				CLANG_WARN_DIRECT_OBJC_ISA_USAGE = YES_ERROR;
				CLANG_WARN_DOCUMENTATION_COMMENTS = YES;
				CLANG_WARN_EMPTY_BODY = YES;
				CLANG_WARN_ENUM_CONVERSION = YES;
				CLANG_WARN_INFINITE_RECURSION = YES;
				CLANG_WARN_INT_CONVERSION = YES;
				CLANG_WARN_NON_LITERAL_NULL_CONVERSION = YES;
				CLANG_WARN_OBJC_IMPLICIT_RETAIN_SELF = YES;
				CLANG_WARN_OBJC_LITERAL_CONVERSION = YES;
				CLANG_WARN_OBJC_ROOT_CLASS = YES_ERROR;
				CLANG_WARN_QUOTED_INCLUDE_IN_FRAMEWORK_HEADER = YES;
				CLANG_WARN_RANGE_LOOP_ANALYSIS = YES;
				CLANG_WARN_STRICT_PROTOTYPES = YES;
				CLANG_WARN_SUSPICIOUS_MOVE = YES;
				CLANG_WARN_UNGUARDED_AVAILABILITY = YES_AGGRESSIVE;
				CLANG_WARN_UNREACHABLE_CODE = YES;
				CLANG_WARN__DUPLICATE_METHOD_MATCH = YES;
				COPY_PHASE_STRIP = NO;
				DEBUG_INFORMATION_FORMAT = "dwarf-with-dsym";
				ENABLE_NS_ASSERTIONS = NO;
				ENABLE_STRICT_OBJC_MSGSEND = YES;
				GCC_C_LANGUAGE_STANDARD = gnu11;
				GCC_NO_COMMON_BLOCKS = YES;
				GCC_WARN_64_TO_32_BIT_CONVERSION = YES;
				GCC_WARN_ABOUT_RETURN_TYPE = YES_ERROR;
				GCC_WARN_UNDECLARED_SELECTOR = YES;
				GCC_WARN_UNINITIALIZED_AUTOS = YES_AGGRESSIVE;
				GCC_WARN_UNUSED_FUNCTION = YES;
				GCC_WARN_UNUSED_VARIABLE = YES;
				IPHONEOS_DEPLOYMENT_TARGET = 16.0;
				MTL_ENABLE_DEBUG_INFO = NO;
				MTL_FAST_MATH = YES;
				SDKROOT = iphoneos;
				SWIFT_COMPILATION_MODE = wholemodule;
				SWIFT_OPTIMIZATION_LEVEL = "-O";
				VALIDATE_PRODUCT = YES;
			};
			name = Release;
		};
		45285263290FA72C008DD62C /* Debug */ = {
			isa = XCBuildConfiguration;
			buildSettings = {
				ASSETCATALOG_COMPILER_APPICON_NAME = AppIcon;
				ASSETCATALOG_COMPILER_GLOBAL_ACCENT_COLOR_NAME = AccentColor;
				CODE_SIGN_STYLE = Automatic;
				CURRENT_PROJECT_VERSION = 1;
				DEVELOPMENT_TEAM = 92MNK9H779;
				GENERATE_INFOPLIST_FILE = YES;
				INFOPLIST_FILE = SwiftFileManager/Info.plist;
				INFOPLIST_KEY_UIApplicationSupportsIndirectInputEvents = YES;
				INFOPLIST_KEY_UILaunchStoryboardName = LaunchScreen;
				INFOPLIST_KEY_UISupportedInterfaceOrientations_iPad = "UIInterfaceOrientationPortrait UIInterfaceOrientationPortraitUpsideDown UIInterfaceOrientationLandscapeLeft UIInterfaceOrientationLandscapeRight";
				INFOPLIST_KEY_UISupportedInterfaceOrientations_iPhone = "UIInterfaceOrientationPortrait UIInterfaceOrientationLandscapeLeft UIInterfaceOrientationLandscapeRight";
				LD_RUNPATH_SEARCH_PATHS = (
					"$(inherited)",
					"@executable_path/Frameworks",
				);
				MARKETING_VERSION = 1.0;
				PRODUCT_BUNDLE_IDENTIFIER = MariyaKhutornaya.SwiftFileManager;
				PRODUCT_NAME = "$(TARGET_NAME)";
				SWIFT_EMIT_LOC_STRINGS = YES;
				SWIFT_VERSION = 5.0;
				TARGETED_DEVICE_FAMILY = "1,2";
			};
			name = Debug;
		};
		45285264290FA72C008DD62C /* Release */ = {
			isa = XCBuildConfiguration;
			buildSettings = {
				ASSETCATALOG_COMPILER_APPICON_NAME = AppIcon;
				ASSETCATALOG_COMPILER_GLOBAL_ACCENT_COLOR_NAME = AccentColor;
				CODE_SIGN_STYLE = Automatic;
				CURRENT_PROJECT_VERSION = 1;
				DEVELOPMENT_TEAM = 92MNK9H779;
				GENERATE_INFOPLIST_FILE = YES;
				INFOPLIST_FILE = SwiftFileManager/Info.plist;
				INFOPLIST_KEY_UIApplicationSupportsIndirectInputEvents = YES;
				INFOPLIST_KEY_UILaunchStoryboardName = LaunchScreen;
				INFOPLIST_KEY_UISupportedInterfaceOrientations_iPad = "UIInterfaceOrientationPortrait UIInterfaceOrientationPortraitUpsideDown UIInterfaceOrientationLandscapeLeft UIInterfaceOrientationLandscapeRight";
				INFOPLIST_KEY_UISupportedInterfaceOrientations_iPhone = "UIInterfaceOrientationPortrait UIInterfaceOrientationLandscapeLeft UIInterfaceOrientationLandscapeRight";
				LD_RUNPATH_SEARCH_PATHS = (
					"$(inherited)",
					"@executable_path/Frameworks",
				);
				MARKETING_VERSION = 1.0;
				PRODUCT_BUNDLE_IDENTIFIER = MariyaKhutornaya.SwiftFileManager;
				PRODUCT_NAME = "$(TARGET_NAME)";
				SWIFT_EMIT_LOC_STRINGS = YES;
				SWIFT_VERSION = 5.0;
				TARGETED_DEVICE_FAMILY = "1,2";
			};
			name = Release;
		};
/* End XCBuildConfiguration section */

/* Begin XCConfigurationList section */
		45285249290FA72B008DD62C /* Build configuration list for PBXProject "SwiftFileManager" */ = {
			isa = XCConfigurationList;
			buildConfigurations = (
				45285260290FA72C008DD62C /* Debug */,
				45285261290FA72C008DD62C /* Release */,
			);
			defaultConfigurationIsVisible = 0;
			defaultConfigurationName = Release;
		};
		45285262290FA72C008DD62C /* Build configuration list for PBXNativeTarget "SwiftFileManager" */ = {
			isa = XCConfigurationList;
			buildConfigurations = (
				45285263290FA72C008DD62C /* Debug */,
				45285264290FA72C008DD62C /* Release */,
			);
			defaultConfigurationIsVisible = 0;
			defaultConfigurationName = Release;
		};
/* End XCConfigurationList section */

/* Begin XCRemoteSwiftPackageReference section */
		4528529E291253B2008DD62C /* XCRemoteSwiftPackageReference "KeychainAccess" */ = {
			isa = XCRemoteSwiftPackageReference;
			repositoryURL = "https://github.com/kishikawakatsumi/KeychainAccess";
			requirement = {
				branch = master;
				kind = branch;
			};
		};
/* End XCRemoteSwiftPackageReference section */

/* Begin XCSwiftPackageProductDependency section */
		4528529F291253B2008DD62C /* KeychainAccess */ = {
			isa = XCSwiftPackageProductDependency;
			package = 4528529E291253B2008DD62C /* XCRemoteSwiftPackageReference "KeychainAccess" */;
			productName = KeychainAccess;
		};
/* End XCSwiftPackageProductDependency section */
	};
	rootObject = 45285246290FA72B008DD62C /* Project object */;
}
